// !$*UTF8*$!
{
	archiveVersion = 1;
	classes = {
	};
	objectVersion = 77;
	objects = {

/* Begin PBXBuildFile section */
		14D26A842F688E39005B6CBD /* DiskArbitration.framework in Frameworks */ = {isa = PBXBuildFile; fileRef = 14D26A832F688E39005B6CBD /* DiskArbitration.framework */; };
		14D26A862F688E48005B6CBD /* IOKit.framework in Frameworks */ = {isa = PBXBuildFile; fileRef = 14D26A852F688E48005B6CBD /* IOKit.framework */; };
		14D26A882F688E50005B6CBD /* Security.framework in Frameworks */ = {isa = PBXBuildFile; fileRef = 14D26A872F688E50005B6CBD /* Security.framework */; };
		14D26A8C2F688FD5005B6CBD /* SaddleXPCProtocol.swift in Sources */ = {isa = PBXBuildFile; fileRef = 14D26A8A2F688FD5005B6CBD /* SaddleXPCProtocol.swift */; };
		14D26A8D2F688FD5005B6CBD /* DissenterHelpers.swift in Sources */ = {isa = PBXBuildFile; fileRef = 14D26A892F688FD5005B6CBD /* DissenterHelpers.swift */; };
		14D26A8E2F688FD5005B6CBD /* SaddleXPCProtocol.swift in Sources */ = {isa = PBXBuildFile; fileRef = 14D26A8A2F688FD5005B6CBD /* SaddleXPCProtocol.swift */; };
		14D26A8F2F688FD5005B6CBD /* DissenterHelpers.swift in Sources */ = {isa = PBXBuildFile; fileRef = 14D26A892F688FD5005B6CBD /* DissenterHelpers.swift */; };
		14D26A9B2F6895CD005B6CBD /* SaddleHelper in CopyFiles */ = {isa = PBXBuildFile; fileRef = 14D26A752F688D3A005B6CBD /* SaddleHelper */; };
		14D26AA02F689700005B6CBD /* com.saddle.helper.plist in CopyFiles */ = {isa = PBXBuildFile; fileRef = 14D26A9F2F689700005B6CBD /* com.saddle.helper.plist */; };
/* End PBXBuildFile section */

/* Begin PBXContainerItemProxy section */
		14D26A982F6892B9005B6CBD /* PBXContainerItemProxy */ = {
			isa = PBXContainerItemProxy;
			containerPortal = 14EC49FB2F5B510700FF55EC /* Project object */;
			proxyType = 1;
			remoteGlobalIDString = 14D26A742F688D3A005B6CBD;
			remoteInfo = SaddleHelper;
		};
/* End PBXContainerItemProxy section */

/* Begin PBXCopyFilesBuildPhase section */
		14D26A9A2F6895AA005B6CBD /* CopyFiles */ = {
			isa = PBXCopyFilesBuildPhase;
			buildActionMask = 2147483647;
			dstPath = "";
			dstSubfolderSpec = 6;
			files = (
				14D26A9B2F6895CD005B6CBD /* SaddleHelper in CopyFiles */,
			);
			runOnlyForDeploymentPostprocessing = 0;
		};
		14D26A9C2F6895D8005B6CBD /* CopyFiles */ = {
			isa = PBXCopyFilesBuildPhase;
			buildActionMask = 2147483647;
			dstPath = Contents/Library/LaunchDaemons;
			dstSubfolderSpec = 1;
			files = (
				14D26AA02F689700005B6CBD /* com.saddle.helper.plist in CopyFiles */,
			);
			runOnlyForDeploymentPostprocessing = 0;
		};
/* End PBXCopyFilesBuildPhase section */

/* Begin PBXFileReference section */
		14D26A752F688D3A005B6CBD /* SaddleHelper */ = {isa = PBXFileReference; explicitFileType = "compiled.mach-o.executable"; includeInIndex = 0; path = SaddleHelper; sourceTree = BUILT_PRODUCTS_DIR; };
		14D26A832F688E39005B6CBD /* DiskArbitration.framework */ = {isa = PBXFileReference; lastKnownFileType = wrapper.framework; name = DiskArbitration.framework; path = System/Library/Frameworks/DiskArbitration.framework; sourceTree = SDKROOT; };
		14D26A852F688E48005B6CBD /* IOKit.framework */ = {isa = PBXFileReference; lastKnownFileType = wrapper.framework; name = IOKit.framework; path = System/Library/Frameworks/IOKit.framework; sourceTree = SDKROOT; };
		14D26A872F688E50005B6CBD /* Security.framework */ = {isa = PBXFileReference; lastKnownFileType = wrapper.framework; name = Security.framework; path = System/Library/Frameworks/Security.framework; sourceTree = SDKROOT; };
		14D26A892F688FD5005B6CBD /* DissenterHelpers.swift */ = {isa = PBXFileReference; lastKnownFileType = sourcecode.swift; path = DissenterHelpers.swift; sourceTree = "<group>"; };
		14D26A8A2F688FD5005B6CBD /* SaddleXPCProtocol.swift */ = {isa = PBXFileReference; lastKnownFileType = sourcecode.swift; path = SaddleXPCProtocol.swift; sourceTree = "<group>"; };
		14D26A9F2F689700005B6CBD /* com.saddle.helper.plist */ = {isa = PBXFileReference; lastKnownFileType = text.plist.xml; name = com.saddle.helper.plist; path = SaddleHelper/com.saddle.helper.plist; sourceTree = "<group>"; };
		14EC4A032F5B510700FF55EC /* Saddle.app */ = {isa = PBXFileReference; explicitFileType = wrapper.application; includeInIndex = 0; path = Saddle.app; sourceTree = BUILT_PRODUCTS_DIR; };
/* End PBXFileReference section */

/* Begin PBXFileSystemSynchronizedRootGroup section */
		14D26A762F688D3A005B6CBD /* SaddleHelper */ = {
			isa = PBXFileSystemSynchronizedRootGroup;
			path = SaddleHelper;
			sourceTree = "<group>";
		};
		14EC4A052F5B510700FF55EC /* Saddle */ = {
			isa = PBXFileSystemSynchronizedRootGroup;
			path = Saddle;
			sourceTree = "<group>";
		};
/* End PBXFileSystemSynchronizedRootGroup section */

/* Begin PBXFrameworksBuildPhase section */
		14D26A722F688D3A005B6CBD /* Frameworks */ = {
			isa = PBXFrameworksBuildPhase;
			buildActionMask = 2147483647;
			files = (
				14D26A882F688E50005B6CBD /* Security.framework in Frameworks */,
				14D26A862F688E48005B6CBD /* IOKit.framework in Frameworks */,
				14D26A842F688E39005B6CBD /* DiskArbitration.framework in Frameworks */,
			);
			runOnlyForDeploymentPostprocessing = 0;
		};
		14EC4A002F5B510700FF55EC /* Frameworks */ = {
			isa = PBXFrameworksBuildPhase;
			buildActionMask = 2147483647;
			files = (
			);
			runOnlyForDeploymentPostprocessing = 0;
		};
/* End PBXFrameworksBuildPhase section */

/* Begin PBXGroup section */
		14D26A822F688E39005B6CBD /* Frameworks */ = {
			isa = PBXGroup;
			children = (
				14D26A872F688E50005B6CBD /* Security.framework */,
				14D26A852F688E48005B6CBD /* IOKit.framework */,
				14D26A832F688E39005B6CBD /* DiskArbitration.framework */,
			);
			name = Frameworks;
			sourceTree = "<group>";
		};
		14D26A8B2F688FD5005B6CBD /* Shared */ = {
			isa = PBXGroup;
			children = (
				14D26A892F688FD5005B6CBD /* DissenterHelpers.swift */,
				14D26A8A2F688FD5005B6CBD /* SaddleXPCProtocol.swift */,
			);
			path = Shared;
			sourceTree = "<group>";
		};
		14EC49FA2F5B510700FF55EC = {
			isa = PBXGroup;
			children = (
				14D26A8B2F688FD5005B6CBD /* Shared */,
				14EC4A052F5B510700FF55EC /* Saddle */,
				14D26A762F688D3A005B6CBD /* SaddleHelper */,
				14D26A9F2F689700005B6CBD /* com.saddle.helper.plist */,
				14D26A822F688E39005B6CBD /* Frameworks */,
				14EC4A042F5B510700FF55EC /* Products */,
			);
			sourceTree = "<group>";
		};
		14EC4A042F5B510700FF55EC /* Products */ = {
			isa = PBXGroup;
			children = (
				14EC4A032F5B510700FF55EC /* Saddle.app */,
				14D26A752F688D3A005B6CBD /* SaddleHelper */,
			);
			name = Products;
			sourceTree = "<group>";
		};
/* End PBXGroup section */

/* Begin PBXNativeTarget section */
		14D26A742F688D3A005B6CBD /* SaddleHelper */ = {
			isa = PBXNativeTarget;
			buildConfigurationList = 14D26A792F688D3A005B6CBD /* Build configuration list for PBXNativeTarget "SaddleHelper" */;
			buildPhases = (
				14D26A712F688D3A005B6CBD /* Sources */,
				14D26A722F688D3A005B6CBD /* Frameworks */,
			);
			buildRules = (
			);
			dependencies = (
			);
			fileSystemSynchronizedGroups = (
				14D26A762F688D3A005B6CBD /* SaddleHelper */,
			);
			name = SaddleHelper;
			packageProductDependencies = (
			);
			productName = SaddleHelper;
			productReference = 14D26A752F688D3A005B6CBD /* SaddleHelper */;
			productType = "com.apple.product-type.tool";
		};
		14EC4A022F5B510700FF55EC /* Saddle */ = {
			isa = PBXNativeTarget;
			buildConfigurationList = 14EC4A0E2F5B510800FF55EC /* Build configuration list for PBXNativeTarget "Saddle" */;
			buildPhases = (
				14EC49FF2F5B510700FF55EC /* Sources */,
				14EC4A002F5B510700FF55EC /* Frameworks */,
				14EC4A012F5B510700FF55EC /* Resources */,
				14D26A9A2F6895AA005B6CBD /* CopyFiles */,
				14D26A9C2F6895D8005B6CBD /* CopyFiles */,
			);
			buildRules = (
			);
			dependencies = (
				14D26A992F6892B9005B6CBD /* PBXTargetDependency */,
			);
			fileSystemSynchronizedGroups = (
				14EC4A052F5B510700FF55EC /* Saddle */,
			);
			name = Saddle;
			packageProductDependencies = (
			);
			productName = DriveManager;
			productReference = 14EC4A032F5B510700FF55EC /* Saddle.app */;
			productType = "com.apple.product-type.application";
		};
/* End PBXNativeTarget section */

/* Begin PBXProject section */
		14EC49FB2F5B510700FF55EC /* Project object */ = {
			isa = PBXProject;
			attributes = {
				BuildIndependentTargetsInParallel = 1;
				LastSwiftUpdateCheck = 2630;
				LastUpgradeCheck = 2630;
				TargetAttributes = {
					14D26A742F688D3A005B6CBD = {
						CreatedOnToolsVersion = 26.3;
					};
					14EC4A022F5B510700FF55EC = {
						CreatedOnToolsVersion = 26.3;
					};
				};
			};
			buildConfigurationList = 14EC49FE2F5B510700FF55EC /* Build configuration list for PBXProject "Saddle" */;
			developmentRegion = en;
			hasScannedForEncodings = 0;
			knownRegions = (
				en,
				Base,
			);
			mainGroup = 14EC49FA2F5B510700FF55EC;
			minimizedProjectReferenceProxies = 1;
			preferredProjectObjectVersion = 77;
			productRefGroup = 14EC4A042F5B510700FF55EC /* Products */;
			projectDirPath = "";
			projectRoot = "";
			targets = (
				14EC4A022F5B510700FF55EC /* Saddle */,
				14D26A742F688D3A005B6CBD /* SaddleHelper */,
			);
		};
/* End PBXProject section */

/* Begin PBXResourcesBuildPhase section */
		14EC4A012F5B510700FF55EC /* Resources */ = {
			isa = PBXResourcesBuildPhase;
			buildActionMask = 2147483647;
			files = (
			);
			runOnlyForDeploymentPostprocessing = 0;
		};
/* End PBXResourcesBuildPhase section */

/* Begin PBXSourcesBuildPhase section */
		14D26A712F688D3A005B6CBD /* Sources */ = {
			isa = PBXSourcesBuildPhase;
			buildActionMask = 2147483647;
			files = (
				14D26A8E2F688FD5005B6CBD /* SaddleXPCProtocol.swift in Sources */,
				14D26A8F2F688FD5005B6CBD /* DissenterHelpers.swift in Sources */,
			);
			runOnlyForDeploymentPostprocessing = 0;
		};
		14EC49FF2F5B510700FF55EC /* Sources */ = {
			isa = PBXSourcesBuildPhase;
			buildActionMask = 2147483647;
			files = (
				14D26A8C2F688FD5005B6CBD /* SaddleXPCProtocol.swift in Sources */,
				14D26A8D2F688FD5005B6CBD /* DissenterHelpers.swift in Sources */,
			);
			runOnlyForDeploymentPostprocessing = 0;
		};
/* End PBXSourcesBuildPhase section */

/* Begin PBXTargetDependency section */
		14D26A992F6892B9005B6CBD /* PBXTargetDependency */ = {
			isa = PBXTargetDependency;
			target = 14D26A742F688D3A005B6CBD /* SaddleHelper */;
			targetProxy = 14D26A982F6892B9005B6CBD /* PBXContainerItemProxy */;
		};
/* End PBXTargetDependency section */

/* Begin XCBuildConfiguration section */
		14D26A7A2F688D3A005B6CBD /* Debug */ = {
			isa = XCBuildConfiguration;
			buildSettings = {
				CODE_SIGN_ENTITLEMENTS = SaddleHelper/SaddleHelper.entitlements;
				"CODE_SIGN_IDENTITY[sdk=macosx*]" = "Apple Development";
				CODE_SIGN_STYLE = Automatic;
				DEVELOPMENT_TEAM = 7VP76365KX;
				ENABLE_APP_SANDBOX = YES;
				ENABLE_HARDENED_RUNTIME = YES;
				MACOSX_DEPLOYMENT_TARGET = 13.5;
				PRODUCT_BUNDLE_IDENTIFIER = com.saddle.helper;
				PRODUCT_NAME = "$(TARGET_NAME)";
				SKIP_INSTALL = YES;
				SWIFT_APPROACHABLE_CONCURRENCY = YES;
				SWIFT_UPCOMING_FEATURE_MEMBER_IMPORT_VISIBILITY = YES;
				SWIFT_VERSION = 5.0;
			};
			name = Debug;
		};
		14D26A7B2F688D3A005B6CBD /* Release */ = {
			isa = XCBuildConfiguration;
			buildSettings = {
				CODE_SIGN_ENTITLEMENTS = SaddleHelper/SaddleHelper.entitlements;
				"CODE_SIGN_IDENTITY[sdk=macosx*]" = "Apple Development";
				CODE_SIGN_STYLE = Automatic;
				DEVELOPMENT_TEAM = 7VP76365KX;
				ENABLE_APP_SANDBOX = YES;
				ENABLE_HARDENED_RUNTIME = YES;
				MACOSX_DEPLOYMENT_TARGET = 13.5;
				PRODUCT_BUNDLE_IDENTIFIER = com.saddle.helper;
				PRODUCT_NAME = "$(TARGET_NAME)";
				SKIP_INSTALL = YES;
				SWIFT_APPROACHABLE_CONCURRENCY = YES;
				SWIFT_UPCOMING_FEATURE_MEMBER_IMPORT_VISIBILITY = YES;
				SWIFT_VERSION = 5.0;
			};
			name = Release;
		};
		14EC4A0C2F5B510800FF55EC /* Debug */ = {
			isa = XCBuildConfiguration;
			buildSettings = {
				ALWAYS_SEARCH_USER_PATHS = NO;
				ASSETCATALOG_COMPILER_GENERATE_SWIFT_ASSET_SYMBOL_EXTENSIONS = YES;
				CLANG_ANALYZER_NONNULL = YES;
				CLANG_ANALYZER_NUMBER_OBJECT_CONVERSION = YES_AGGRESSIVE;
				CLANG_CXX_LANGUAGE_STANDARD = "gnu++20";
				CLANG_ENABLE_MODULES = YES;
				CLANG_ENABLE_OBJC_ARC = YES;
				CLANG_ENABLE_OBJC_WEAK = YES;
				CLANG_WARN_BLOCK_CAPTURE_AUTORELEASING = YES;
				CLANG_WARN_BOOL_CONVERSION = YES;
				CLANG_WARN_COMMA = YES;
				CLANG_WARN_CONSTANT_CONVERSION = YES;
				CLANG_WARN_DEPRECATED_OBJC_IMPLEMENTATIONS = YES;
				CLANG_WARN_DIRECT_OBJC_ISA_USAGE = YES_ERROR;
				CLANG_WARN_DOCUMENTATION_COMMENTS = YES;
				CLANG_WARN_EMPTY_BODY = YES;
				CLANG_WARN_ENUM_CONVERSION = YES;
				CLANG_WARN_INFINITE_RECURSION = YES;
				CLANG_WARN_INT_CONVERSION = YES;
				CLANG_WARN_NON_LITERAL_NULL_CONVERSION = YES;
				CLANG_WARN_OBJC_IMPLICIT_RETAIN_SELF = YES;
				CLANG_WARN_OBJC_LITERAL_CONVERSION = YES;
				CLANG_WARN_OBJC_ROOT_CLASS = YES_ERROR;
				CLANG_WARN_QUOTED_INCLUDE_IN_FRAMEWORK_HEADER = YES;
				CLANG_WARN_RANGE_LOOP_ANALYSIS = YES;
				CLANG_WARN_STRICT_PROTOTYPES = YES;
				CLANG_WARN_SUSPICIOUS_MOVE = YES;
				CLANG_WARN_UNGUARDED_AVAILABILITY = YES_AGGRESSIVE;
				CLANG_WARN_UNREACHABLE_CODE = YES;
				CLANG_WARN__DUPLICATE_METHOD_MATCH = YES;
				COPY_PHASE_STRIP = NO;
				DEBUG_INFORMATION_FORMAT = dwarf;
				DEVELOPMENT_TEAM = 7VP76365KX;
				ENABLE_STRICT_OBJC_MSGSEND = YES;
				ENABLE_TESTABILITY = YES;
				ENABLE_USER_SCRIPT_SANDBOXING = YES;
				GCC_C_LANGUAGE_STANDARD = gnu17;
				GCC_DYNAMIC_NO_PIC = NO;
				GCC_NO_COMMON_BLOCKS = YES;
				GCC_OPTIMIZATION_LEVEL = 0;
				GCC_PREPROCESSOR_DEFINITIONS = (
					"DEBUG=1",
					"$(inherited)",
				);
				GCC_WARN_64_TO_32_BIT_CONVERSION = YES;
				GCC_WARN_ABOUT_RETURN_TYPE = YES_ERROR;
				GCC_WARN_UNDECLARED_SELECTOR = YES;
				GCC_WARN_UNINITIALIZED_AUTOS = YES_AGGRESSIVE;
				GCC_WARN_UNUSED_FUNCTION = YES;
				GCC_WARN_UNUSED_VARIABLE = YES;
				LOCALIZATION_PREFERS_STRING_CATALOGS = YES;
				MACOSX_DEPLOYMENT_TARGET = 13.5;
				MTL_ENABLE_DEBUG_INFO = INCLUDE_SOURCE;
				MTL_FAST_MATH = YES;
				ONLY_ACTIVE_ARCH = YES;
				SDKROOT = macosx;
				SWIFT_ACTIVE_COMPILATION_CONDITIONS = "DEBUG $(inherited)";
				SWIFT_OPTIMIZATION_LEVEL = "-Onone";
			};
			name = Debug;
		};
		14EC4A0D2F5B510800FF55EC /* Release */ = {
			isa = XCBuildConfiguration;
			buildSettings = {
				ALWAYS_SEARCH_USER_PATHS = NO;
				ASSETCATALOG_COMPILER_GENERATE_SWIFT_ASSET_SYMBOL_EXTENSIONS = YES;
				CLANG_ANALYZER_NONNULL = YES;
				CLANG_ANALYZER_NUMBER_OBJECT_CONVERSION = YES_AGGRESSIVE;
				CLANG_CXX_LANGUAGE_STANDARD = "gnu++20";
				CLANG_ENABLE_MODULES = YES;
				CLANG_ENABLE_OBJC_ARC = YES;
				CLANG_ENABLE_OBJC_WEAK = YES;
				CLANG_WARN_BLOCK_CAPTURE_AUTORELEASING = YES;
				CLANG_WARN_BOOL_CONVERSION = YES;
				CLANG_WARN_COMMA = YES;
				CLANG_WARN_CONSTANT_CONVERSION = YES;
				CLANG_WARN_DEPRECATED_OBJC_IMPLEMENTATIONS = YES;
				CLANG_WARN_DIRECT_OBJC_ISA_USAGE = YES_ERROR;
				CLANG_WARN_DOCUMENTATION_COMMENTS = YES;
				CLANG_WARN_EMPTY_BODY = YES;
				CLANG_WARN_ENUM_CONVERSION = YES;
				CLANG_WARN_INFINITE_RECURSION = YES;
				CLANG_WARN_INT_CONVERSION = YES;
				CLANG_WARN_NON_LITERAL_NULL_CONVERSION = YES;
				CLANG_WARN_OBJC_IMPLICIT_RETAIN_SELF = YES;
				CLANG_WARN_OBJC_LITERAL_CONVERSION = YES;
				CLANG_WARN_OBJC_ROOT_CLASS = YES_ERROR;
				CLANG_WARN_QUOTED_INCLUDE_IN_FRAMEWORK_HEADER = YES;
				CLANG_WARN_RANGE_LOOP_ANALYSIS = YES;
				CLANG_WARN_STRICT_PROTOTYPES = YES;
				CLANG_WARN_SUSPICIOUS_MOVE = YES;
				CLANG_WARN_UNGUARDED_AVAILABILITY = YES_AGGRESSIVE;
				CLANG_WARN_UNREACHABLE_CODE = YES;
				CLANG_WARN__DUPLICATE_METHOD_MATCH = YES;
				COPY_PHASE_STRIP = NO;
				DEBUG_INFORMATION_FORMAT = "dwarf-with-dsym";
				DEVELOPMENT_TEAM = 7VP76365KX;
				ENABLE_NS_ASSERTIONS = NO;
				ENABLE_STRICT_OBJC_MSGSEND = YES;
				ENABLE_USER_SCRIPT_SANDBOXING = YES;
				GCC_C_LANGUAGE_STANDARD = gnu17;
				GCC_NO_COMMON_BLOCKS = YES;
				GCC_WARN_64_TO_32_BIT_CONVERSION = YES;
				GCC_WARN_ABOUT_RETURN_TYPE = YES_ERROR;
				GCC_WARN_UNDECLARED_SELECTOR = YES;
				GCC_WARN_UNINITIALIZED_AUTOS = YES_AGGRESSIVE;
				GCC_WARN_UNUSED_FUNCTION = YES;
				GCC_WARN_UNUSED_VARIABLE = YES;
				LOCALIZATION_PREFERS_STRING_CATALOGS = YES;
				MACOSX_DEPLOYMENT_TARGET = 13.5;
				MTL_ENABLE_DEBUG_INFO = NO;
				MTL_FAST_MATH = YES;
				SDKROOT = macosx;
				SWIFT_COMPILATION_MODE = wholemodule;
			};
			name = Release;
		};
		14EC4A0F2F5B510800FF55EC /* Debug */ = {
			isa = XCBuildConfiguration;
			buildSettings = {
				ASSETCATALOG_COMPILER_APPICON_NAME = AppIcon;
				ASSETCATALOG_COMPILER_GLOBAL_ACCENT_COLOR_NAME = AccentColor;
				CODE_SIGN_STYLE = Automatic;
				COMBINE_HIDPI_IMAGES = YES;
				CURRENT_PROJECT_VERSION = 1;
				DEVELOPMENT_TEAM = 7VP76365KX;
				ENABLE_APP_SANDBOX = NO;
				ENABLE_HARDENED_RUNTIME = YES;
				ENABLE_PREVIEWS = YES;
				GENERATE_INFOPLIST_FILE = YES;
				INFOPLIST_KEY_CFBundleDisplayName = Saddle;
				INFOPLIST_KEY_LSApplicationCategoryType = "public.app-category.utilities";
				INFOPLIST_KEY_LSUIElement = YES;
				INFOPLIST_KEY_NSHumanReadableCopyright = "";
				LD_RUNPATH_SEARCH_PATHS = (
					"$(inherited)",
					"@executable_path/../Frameworks",
				);
				MACOSX_DEPLOYMENT_TARGET = 13.5;
				MARKETING_VERSION = 1.0;
				PRODUCT_BUNDLE_IDENTIFIER = com.seanmandable.saddle;
				PRODUCT_NAME = "$(TARGET_NAME)";
				REGISTER_APP_GROUPS = YES;
				STRING_CATALOG_GENERATE_SYMBOLS = YES;
				SWIFT_APPROACHABLE_CONCURRENCY = YES;
				SWIFT_DEFAULT_ACTOR_ISOLATION = MainActor;
				SWIFT_EMIT_LOC_STRINGS = YES;
				SWIFT_UPCOMING_FEATURE_MEMBER_IMPORT_VISIBILITY = YES;
				SWIFT_VERSION = 5.0;
			};
			name = Debug;
		};
		14EC4A102F5B510800FF55EC /* Release */ = {
			isa = XCBuildConfiguration;
			buildSettings = {
				ASSETCATALOG_COMPILER_APPICON_NAME = AppIcon;
				ASSETCATALOG_COMPILER_GLOBAL_ACCENT_COLOR_NAME = AccentColor;
				CODE_SIGN_STYLE = Automatic;
				COMBINE_HIDPI_IMAGES = YES;
				CURRENT_PROJECT_VERSION = 1;
				DEVELOPMENT_TEAM = 7VP76365KX;
				ENABLE_APP_SANDBOX = YES;
				ENABLE_HARDENED_RUNTIME = YES;
				ENABLE_PREVIEWS = YES;
				GENERATE_INFOPLIST_FILE = YES;
				INFOPLIST_KEY_CFBundleDisplayName = Saddle;
				INFOPLIST_KEY_LSApplicationCategoryType = "public.app-category.utilities";
				INFOPLIST_KEY_LSUIElement = YES;
				INFOPLIST_KEY_NSHumanReadableCopyright = "";
				LD_RUNPATH_SEARCH_PATHS = (
					"$(inherited)",
					"@executable_path/../Frameworks",
				);
				MACOSX_DEPLOYMENT_TARGET = 13.5;
				MARKETING_VERSION = 1.0;
				PRODUCT_BUNDLE_IDENTIFIER = com.seanmandable.saddle;
				PRODUCT_NAME = "$(TARGET_NAME)";
				REGISTER_APP_GROUPS = YES;
				STRING_CATALOG_GENERATE_SYMBOLS = YES;
				SWIFT_APPROACHABLE_CONCURRENCY = YES;
				SWIFT_DEFAULT_ACTOR_ISOLATION = MainActor;
				SWIFT_EMIT_LOC_STRINGS = YES;
				SWIFT_UPCOMING_FEATURE_MEMBER_IMPORT_VISIBILITY = YES;
				SWIFT_VERSION = 5.0;
			};
			name = Release;
		};
/* End XCBuildConfiguration section */

/* Begin XCConfigurationList section */
		14D26A792F688D3A005B6CBD /* Build configuration list for PBXNativeTarget "SaddleHelper" */ = {
			isa = XCConfigurationList;
			buildConfigurations = (
				14D26A7A2F688D3A005B6CBD /* Debug */,
				14D26A7B2F688D3A005B6CBD /* Release */,
			);
			defaultConfigurationIsVisible = 0;
			defaultConfigurationName = Release;
		};
		14EC49FE2F5B510700FF55EC /* Build configuration list for PBXProject "Saddle" */ = {
			isa = XCConfigurationList;
			buildConfigurations = (
				14EC4A0C2F5B510800FF55EC /* Debug */,
				14EC4A0D2F5B510800FF55EC /* Release */,
			);
			defaultConfigurationIsVisible = 0;
			defaultConfigurationName = Release;
		};
		14EC4A0E2F5B510800FF55EC /* Build configuration list for PBXNativeTarget "Saddle" */ = {
			isa = XCConfigurationList;
			buildConfigurations = (
				14EC4A0F2F5B510800FF55EC /* Debug */,
				14EC4A102F5B510800FF55EC /* Release */,
			);
			defaultConfigurationIsVisible = 0;
			defaultConfigurationName = Release;
		};
/* End XCConfigurationList section */
	};
	rootObject = 14EC49FB2F5B510700FF55EC /* Project object */;
}
